
Microsoft Visual Studio Solution File, Format Version 12.00
# Visual Studio Version 16
VisualStudioVersion = 16.0.30717.126
MinimumVisualStudioVersion = 10.0.40219.1
Project("{F184B08F-C81C-45F6-A57F-5ABD9991F28F}") = "MyMVCApp", "MyMVCApp.vbproj", "{9CF95760-357B-4131-A582-003A479D4C1D}"
EndProject
Global
	GlobalSection(SolutionConfigurationPlatforms) = preSolution
		Debug|Any CPU = Debug|Any CPU
		Release|Any CPU = Release|Any CPU
	EndGlobalSection
	GlobalSection(ProjectConfigurationPlatforms) = postSolution
		{9CF95760-357B-4131-A582-003A479D4C1D}.Debug|Any CPU.ActiveCfg = Debug|Any CPU
		{9CF95760-357B-4131-A582-003A479D4C1D}.Debug|Any CPU.Build.0 = Debug|Any CPU
		{9CF95760-357B-4131-A582-003A479D4C1D}.Release|Any CPU.ActiveCfg = Release|Any CPU
		{9CF95760-357B-4131-A582-003A479D4C1D}.Release|Any CPU.Build.0 = Release|Any CPU
	EndGlobalSection
	GlobalSection(SolutionProperties) = preSolution
		HideSolutionNode = FALSE
	EndGlobalSection
	GlobalSection(ExtensibilityGlobals) = postSolution
		SolutionGuid = {27A05433-CED9-4F06-95B2-947619F0762F}
	EndGlobalSection
EndGlobal
